schema: '2.0'
stages:
  preprocess_data:
    cmd: python src/preprocess_data.py --config=params.yaml
    deps:
    - path: src/get_data.py
      md5: 515746cbd06b53e5c4988fcf30f11ad6
      size: 851
    - path: src/preprocess_data.py
      md5: 35065c2c0ac578d192c7f4e53e275a64
      size: 4892
    outs:
    - path: data/pre-processed/data.csv
      md5: b97949205c011d464d17ba6029d55407
      size: 163024
  split_data:
    cmd: python src/split_data.py --config=params.yaml
    deps:
    - path: data/one_hot_encoded/one_hot_encoded.csv
      md5: 4d68b19ee9684e215150704eb4789652
      size: 118430
    - path: src/get_data.py
      md5: 515746cbd06b53e5c4988fcf30f11ad6
      size: 851
    - path: src/split_data.py
      md5: 8168d6c176728691ecda7015cc046f9b
      size: 2020
    outs:
    - path: data/split-data/test.csv
      md5: dca3ce060db6971c3895b9f42ff40b46
      size: 467
    - path: data/split-data/train.csv
      md5: e5021305e338a3bdaef0421e4c359a67
      size: 87291
    - path: data/split-data/val.csv
      md5: 9dc58c925caa79899eb3840ad93648b6
      size: 22263
  train_and_evaluate:
    cmd: python src/train_and_evaluate.py --config=params.yaml
    deps:
    - path: data/split-data/test.csv
      md5: dca3ce060db6971c3895b9f42ff40b46
      size: 467
    - path: data/split-data/train.csv
      md5: e5021305e338a3bdaef0421e4c359a67
      size: 87291
    - path: src/split_data.py
      md5: 8168d6c176728691ecda7015cc046f9b
      size: 2020
    - path: src/train_and_evaluate.py
      md5: a2c1c2a26af5710ea31d4df279b4fab9
      size: 3329
    params:
      params.yaml:
        estimators.DecisionTree.params.max_depth: 8
        estimators.DecisionTree.params.min_samples_leaf: 150
  one_hot_encoding:
    cmd: python src/one_hot_encoding.py --config=params.yaml
    deps:
    - path: data/pre-processed/data.csv
      md5: b97949205c011d464d17ba6029d55407
      size: 163024
    - path: src/get_data.py
      md5: 515746cbd06b53e5c4988fcf30f11ad6
      size: 851
    - path: src/one_hot_encoding.py
      md5: da197c384993f5e31e57653026aa0985
      size: 1655
    outs:
    - path: data/one_hot_encoded/one_hot_encoded.csv
      md5: 4d68b19ee9684e215150704eb4789652
      size: 118430
